// !$*UTF8*$!
{
	archiveVersion = 1;
	classes = {
	};
	objectVersion = 56;
	objects = {

/* Begin PBXBuildFile section */
		5A1DB9EA2BA3851600C3BCAC /* CombineTutorialApp.swift in Sources */ = {isa = PBXBuildFile; fileRef = 5A1DB9E92BA3851600C3BCAC /* CombineTutorialApp.swift */; };
		5A1DB9EC2BA3851600C3BCAC /* ContentView.swift in Sources */ = {isa = PBXBuildFile; fileRef = 5A1DB9EB2BA3851600C3BCAC /* ContentView.swift */; };
		5A1DB9EE2BA3851B00C3BCAC /* Assets.xcassets in Resources */ = {isa = PBXBuildFile; fileRef = 5A1DB9ED2BA3851B00C3BCAC /* Assets.xcassets */; };
		5A1DB9F22BA3851B00C3BCAC /* Preview Assets.xcassets in Resources */ = {isa = PBXBuildFile; fileRef = 5A1DB9F12BA3851B00C3BCAC /* Preview Assets.xcassets */; };
		5A1DB9FC2BA3851C00C3BCAC /* CombineTutorialTests.swift in Sources */ = {isa = PBXBuildFile; fileRef = 5A1DB9FB2BA3851C00C3BCAC /* CombineTutorialTests.swift */; };
		5A1DBA062BA3851C00C3BCAC /* CombineTutorialUITests.swift in Sources */ = {isa = PBXBuildFile; fileRef = 5A1DBA052BA3851C00C3BCAC /* CombineTutorialUITests.swift */; };
		5A1DBA082BA3851C00C3BCAC /* CombineTutorialUITestsLaunchTests.swift in Sources */ = {isa = PBXBuildFile; fileRef = 5A1DBA072BA3851C00C3BCAC /* CombineTutorialUITestsLaunchTests.swift */; };
/* End PBXBuildFile section */

/* Begin PBXContainerItemProxy section */
		5A1DB9F82BA3851C00C3BCAC /* PBXContainerItemProxy */ = {
			isa = PBXContainerItemProxy;
			containerPortal = 5A1DB9DE2BA3851600C3BCAC /* Project object */;
			proxyType = 1;
			remoteGlobalIDString = 5A1DB9E52BA3851600C3BCAC;
			remoteInfo = CombineTutorial;
		};
		5A1DBA022BA3851C00C3BCAC /* PBXContainerItemProxy */ = {
			isa = PBXContainerItemProxy;
			containerPortal = 5A1DB9DE2BA3851600C3BCAC /* Project object */;
			proxyType = 1;
			remoteGlobalIDString = 5A1DB9E52BA3851600C3BCAC;
			remoteInfo = CombineTutorial;
		};
/* End PBXContainerItemProxy section */

/* Begin PBXFileReference section */
		5A1DB9E62BA3851600C3BCAC /* CombineTutorial.app */ = {isa = PBXFileReference; explicitFileType = wrapper.application; includeInIndex = 0; path = CombineTutorial.app; sourceTree = BUILT_PRODUCTS_DIR; };
		5A1DB9E92BA3851600C3BCAC /* CombineTutorialApp.swift */ = {isa = PBXFileReference; lastKnownFileType = sourcecode.swift; path = CombineTutorialApp.swift; sourceTree = "<group>"; };
		5A1DB9EB2BA3851600C3BCAC /* ContentView.swift */ = {isa = PBXFileReference; lastKnownFileType = sourcecode.swift; path = ContentView.swift; sourceTree = "<group>"; };
		5A1DB9ED2BA3851B00C3BCAC /* Assets.xcassets */ = {isa = PBXFileReference; lastKnownFileType = folder.assetcatalog; path = Assets.xcassets; sourceTree = "<group>"; };
		5A1DB9EF2BA3851B00C3BCAC /* CombineTutorial.entitlements */ = {isa = PBXFileReference; lastKnownFileType = text.plist.entitlements; path = CombineTutorial.entitlements; sourceTree = "<group>"; };
		5A1DB9F12BA3851B00C3BCAC /* Preview Assets.xcassets */ = {isa = PBXFileReference; lastKnownFileType = folder.assetcatalog; path = "Preview Assets.xcassets"; sourceTree = "<group>"; };
		5A1DB9F72BA3851C00C3BCAC /* CombineTutorialTests.xctest */ = {isa = PBXFileReference; explicitFileType = wrapper.cfbundle; includeInIndex = 0; path = CombineTutorialTests.xctest; sourceTree = BUILT_PRODUCTS_DIR; };
		5A1DB9FB2BA3851C00C3BCAC /* CombineTutorialTests.swift */ = {isa = PBXFileReference; lastKnownFileType = sourcecode.swift; path = CombineTutorialTests.swift; sourceTree = "<group>"; };
		5A1DBA012BA3851C00C3BCAC /* CombineTutorialUITests.xctest */ = {isa = PBXFileReference; explicitFileType = wrapper.cfbundle; includeInIndex = 0; path = CombineTutorialUITests.xctest; sourceTree = BUILT_PRODUCTS_DIR; };
		5A1DBA052BA3851C00C3BCAC /* CombineTutorialUITests.swift */ = {isa = PBXFileReference; lastKnownFileType = sourcecode.swift; path = CombineTutorialUITests.swift; sourceTree = "<group>"; };
		5A1DBA072BA3851C00C3BCAC /* CombineTutorialUITestsLaunchTests.swift */ = {isa = PBXFileReference; lastKnownFileType = sourcecode.swift; path = CombineTutorialUITestsLaunchTests.swift; sourceTree = "<group>"; };
/* End PBXFileReference section */

/* Begin PBXFrameworksBuildPhase section */
		5A1DB9E32BA3851600C3BCAC /* Frameworks */ = {
			isa = PBXFrameworksBuildPhase;
			buildActionMask = 2147483647;
			files = (
			);
			runOnlyForDeploymentPostprocessing = 0;
		};
		5A1DB9F42BA3851C00C3BCAC /* Frameworks */ = {
			isa = PBXFrameworksBuildPhase;
			buildActionMask = 2147483647;
			files = (
			);
			runOnlyForDeploymentPostprocessing = 0;
		};
		5A1DB9FE2BA3851C00C3BCAC /* Frameworks */ = {
			isa = PBXFrameworksBuildPhase;
			buildActionMask = 2147483647;
			files = (
			);
			runOnlyForDeploymentPostprocessing = 0;
		};
/* End PBXFrameworksBuildPhase section */

/* Begin PBXGroup section */
		5A1DB9DD2BA3851600C3BCAC = {
			isa = PBXGroup;
			children = (
				5A1DB9E82BA3851600C3BCAC /* CombineTutorial */,
				5A1DB9FA2BA3851C00C3BCAC /* CombineTutorialTests */,
				5A1DBA042BA3851C00C3BCAC /* CombineTutorialUITests */,
				5A1DB9E72BA3851600C3BCAC /* Products */,
			);
			sourceTree = "<group>";
		};
		5A1DB9E72BA3851600C3BCAC /* Products */ = {
			isa = PBXGroup;
			children = (
				5A1DB9E62BA3851600C3BCAC /* CombineTutorial.app */,
				5A1DB9F72BA3851C00C3BCAC /* CombineTutorialTests.xctest */,
				5A1DBA012BA3851C00C3BCAC /* CombineTutorialUITests.xctest */,
			);
			name = Products;
			sourceTree = "<group>";
		};
		5A1DB9E82BA3851600C3BCAC /* CombineTutorial */ = {
			isa = PBXGroup;
			children = (
				5A1DB9E92BA3851600C3BCAC /* CombineTutorialApp.swift */,
				5A1DB9EB2BA3851600C3BCAC /* ContentView.swift */,
				5A1DB9ED2BA3851B00C3BCAC /* Assets.xcassets */,
				5A1DB9EF2BA3851B00C3BCAC /* CombineTutorial.entitlements */,
				5A1DB9F02BA3851B00C3BCAC /* Preview Content */,
			);
			path = CombineTutorial;
			sourceTree = "<group>";
		};
		5A1DB9F02BA3851B00C3BCAC /* Preview Content */ = {
			isa = PBXGroup;
			children = (
				5A1DB9F12BA3851B00C3BCAC /* Preview Assets.xcassets */,
			);
			path = "Preview Content";
			sourceTree = "<group>";
		};
		5A1DB9FA2BA3851C00C3BCAC /* CombineTutorialTests */ = {
			isa = PBXGroup;
			children = (
				5A1DB9FB2BA3851C00C3BCAC /* CombineTutorialTests.swift */,
			);
			path = CombineTutorialTests;
			sourceTree = "<group>";
		};
		5A1DBA042BA3851C00C3BCAC /* CombineTutorialUITests */ = {
			isa = PBXGroup;
			children = (
				5A1DBA052BA3851C00C3BCAC /* CombineTutorialUITests.swift */,
				5A1DBA072BA3851C00C3BCAC /* CombineTutorialUITestsLaunchTests.swift */,
			);
			path = CombineTutorialUITests;
			sourceTree = "<group>";
		};
/* End PBXGroup section */

/* Begin PBXNativeTarget section */
		5A1DB9E52BA3851600C3BCAC /* CombineTutorial */ = {
			isa = PBXNativeTarget;
			buildConfigurationList = 5A1DBA0B2BA3851C00C3BCAC /* Build configuration list for PBXNativeTarget "CombineTutorial" */;
			buildPhases = (
				5A1DB9E22BA3851600C3BCAC /* Sources */,
				5A1DB9E32BA3851600C3BCAC /* Frameworks */,
				5A1DB9E42BA3851600C3BCAC /* Resources */,
			);
			buildRules = (
			);
			dependencies = (
			);
			name = CombineTutorial;
			productName = CombineTutorial;
			productReference = 5A1DB9E62BA3851600C3BCAC /* CombineTutorial.app */;
			productType = "com.apple.product-type.application";
		};
		5A1DB9F62BA3851C00C3BCAC /* CombineTutorialTests */ = {
			isa = PBXNativeTarget;
			buildConfigurationList = 5A1DBA0E2BA3851C00C3BCAC /* Build configuration list for PBXNativeTarget "CombineTutorialTests" */;
			buildPhases = (
				5A1DB9F32BA3851C00C3BCAC /* Sources */,
				5A1DB9F42BA3851C00C3BCAC /* Frameworks */,
				5A1DB9F52BA3851C00C3BCAC /* Resources */,
			);
			buildRules = (
			);
			dependencies = (
				5A1DB9F92BA3851C00C3BCAC /* PBXTargetDependency */,
			);
			name = CombineTutorialTests;
			productName = CombineTutorialTests;
			productReference = 5A1DB9F72BA3851C00C3BCAC /* CombineTutorialTests.xctest */;
			productType = "com.apple.product-type.bundle.unit-test";
		};
		5A1DBA002BA3851C00C3BCAC /* CombineTutorialUITests */ = {
			isa = PBXNativeTarget;
			buildConfigurationList = 5A1DBA112BA3851C00C3BCAC /* Build configuration list for PBXNativeTarget "CombineTutorialUITests" */;
			buildPhases = (
				5A1DB9FD2BA3851C00C3BCAC /* Sources */,
				5A1DB9FE2BA3851C00C3BCAC /* Frameworks */,
				5A1DB9FF2BA3851C00C3BCAC /* Resources */,
			);
			buildRules = (
			);
			dependencies = (
				5A1DBA032BA3851C00C3BCAC /* PBXTargetDependency */,
			);
			name = CombineTutorialUITests;
			productName = CombineTutorialUITests;
			productReference = 5A1DBA012BA3851C00C3BCAC /* CombineTutorialUITests.xctest */;
			productType = "com.apple.product-type.bundle.ui-testing";
		};
/* End PBXNativeTarget section */

/* Begin PBXProject section */
		5A1DB9DE2BA3851600C3BCAC /* Project object */ = {
			isa = PBXProject;
			attributes = {
				BuildIndependentTargetsInParallel = 1;
				LastSwiftUpdateCheck = 1400;
				LastUpgradeCheck = 1400;
				TargetAttributes = {
					5A1DB9E52BA3851600C3BCAC = {
						CreatedOnToolsVersion = 14.0.1;
					};
					5A1DB9F62BA3851C00C3BCAC = {
						CreatedOnToolsVersion = 14.0.1;
						TestTargetID = 5A1DB9E52BA3851600C3BCAC;
					};
					5A1DBA002BA3851C00C3BCAC = {
						CreatedOnToolsVersion = 14.0.1;
						TestTargetID = 5A1DB9E52BA3851600C3BCAC;
					};
				};
			};
			buildConfigurationList = 5A1DB9E12BA3851600C3BCAC /* Build configuration list for PBXProject "CombineTutorial" */;
			compatibilityVersion = "Xcode 14.0";
			developmentRegion = en;
			hasScannedForEncodings = 0;
			knownRegions = (
				en,
				Base,
			);
			mainGroup = 5A1DB9DD2BA3851600C3BCAC;
			productRefGroup = 5A1DB9E72BA3851600C3BCAC /* Products */;
			projectDirPath = "";
			projectRoot = "";
			targets = (
				5A1DB9E52BA3851600C3BCAC /* CombineTutorial */,
				5A1DB9F62BA3851C00C3BCAC /* CombineTutorialTests */,
				5A1DBA002BA3851C00C3BCAC /* CombineTutorialUITests */,
			);
		};
/* End PBXProject section */

/* Begin PBXResourcesBuildPhase section */
		5A1DB9E42BA3851600C3BCAC /* Resources */ = {
			isa = PBXResourcesBuildPhase;
			buildActionMask = 2147483647;
			files = (
				5A1DB9F22BA3851B00C3BCAC /* Preview Assets.xcassets in Resources */,
				5A1DB9EE2BA3851B00C3BCAC /* Assets.xcassets in Resources */,
			);
			runOnlyForDeploymentPostprocessing = 0;
		};
		5A1DB9F52BA3851C00C3BCAC /* Resources */ = {
			isa = PBXResourcesBuildPhase;
			buildActionMask = 2147483647;
			files = (
			);
			runOnlyForDeploymentPostprocessing = 0;
		};
		5A1DB9FF2BA3851C00C3BCAC /* Resources */ = {
			isa = PBXResourcesBuildPhase;
			buildActionMask = 2147483647;
			files = (
			);
			runOnlyForDeploymentPostprocessing = 0;
		};
/* End PBXResourcesBuildPhase section */

/* Begin PBXSourcesBuildPhase section */
		5A1DB9E22BA3851600C3BCAC /* Sources */ = {
			isa = PBXSourcesBuildPhase;
			buildActionMask = 2147483647;
			files = (
				5A1DB9EC2BA3851600C3BCAC /* ContentView.swift in Sources */,
				5A1DB9EA2BA3851600C3BCAC /* CombineTutorialApp.swift in Sources */,
			);
			runOnlyForDeploymentPostprocessing = 0;
		};
		5A1DB9F32BA3851C00C3BCAC /* Sources */ = {
			isa = PBXSourcesBuildPhase;
			buildActionMask = 2147483647;
			files = (
				5A1DB9FC2BA3851C00C3BCAC /* CombineTutorialTests.swift in Sources */,
			);
			runOnlyForDeploymentPostprocessing = 0;
		};
		5A1DB9FD2BA3851C00C3BCAC /* Sources */ = {
			isa = PBXSourcesBuildPhase;
			buildActionMask = 2147483647;
			files = (
				5A1DBA082BA3851C00C3BCAC /* CombineTutorialUITestsLaunchTests.swift in Sources */,
				5A1DBA062BA3851C00C3BCAC /* CombineTutorialUITests.swift in Sources */,
			);
			runOnlyForDeploymentPostprocessing = 0;
		};
/* End PBXSourcesBuildPhase section */

/* Begin PBXTargetDependency section */
		5A1DB9F92BA3851C00C3BCAC /* PBXTargetDependency */ = {
			isa = PBXTargetDependency;
			target = 5A1DB9E52BA3851600C3BCAC /* CombineTutorial */;
			targetProxy = 5A1DB9F82BA3851C00C3BCAC /* PBXContainerItemProxy */;
		};
		5A1DBA032BA3851C00C3BCAC /* PBXTargetDependency */ = {
			isa = PBXTargetDependency;
			target = 5A1DB9E52BA3851600C3BCAC /* CombineTutorial */;
			targetProxy = 5A1DBA022BA3851C00C3BCAC /* PBXContainerItemProxy */;
		};
/* End PBXTargetDependency section */

/* Begin XCBuildConfiguration section */
		5A1DBA092BA3851C00C3BCAC /* Debug */ = {
			isa = XCBuildConfiguration;
			buildSettings = {
				ALWAYS_SEARCH_USER_PATHS = NO;
				CLANG_ANALYZER_NONNULL = YES;
				CLANG_ANALYZER_NUMBER_OBJECT_CONVERSION = YES_AGGRESSIVE;
				CLANG_CXX_LANGUAGE_STANDARD = "gnu++20";
				CLANG_ENABLE_MODULES = YES;
				CLANG_ENABLE_OBJC_ARC = YES;
				CLANG_ENABLE_OBJC_WEAK = YES;
				CLANG_WARN_BLOCK_CAPTURE_AUTORELEASING = YES;
				CLANG_WARN_BOOL_CONVERSION = YES;
				CLANG_WARN_COMMA = YES;
				CLANG_WARN_CONSTANT_CONVERSION = YES;
				CLANG_WARN_DEPRECATED_OBJC_IMPLEMENTATIONS = YES;
				CLANG_WARN_DIRECT_OBJC_ISA_USAGE = YES_ERROR;
				CLANG_WARN_DOCUMENTATION_COMMENTS = YES;
				CLANG_WARN_EMPTY_BODY = YES;
				CLANG_WARN_ENUM_CONVERSION = YES;
				CLANG_WARN_INFINITE_RECURSION = YES;
				CLANG_WARN_INT_CONVERSION = YES;
				CLANG_WARN_NON_LITERAL_NULL_CONVERSION = YES;
				CLANG_WARN_OBJC_IMPLICIT_RETAIN_SELF = YES;
				CLANG_WARN_OBJC_LITERAL_CONVERSION = YES;
				CLANG_WARN_OBJC_ROOT_CLASS = YES_ERROR;
				CLANG_WARN_QUOTED_INCLUDE_IN_FRAMEWORK_HEADER = YES;
				CLANG_WARN_RANGE_LOOP_ANALYSIS = YES;
				CLANG_WARN_STRICT_PROTOTYPES = YES;
				CLANG_WARN_SUSPICIOUS_MOVE = YES;
				CLANG_WARN_UNGUARDED_AVAILABILITY = YES_AGGRESSIVE;
				CLANG_WARN_UNREACHABLE_CODE = YES;
				CLANG_WARN__DUPLICATE_METHOD_MATCH = YES;
				COPY_PHASE_STRIP = NO;
				DEBUG_INFORMATION_FORMAT = dwarf;
				ENABLE_STRICT_OBJC_MSGSEND = YES;
				ENABLE_TESTABILITY = YES;
				GCC_C_LANGUAGE_STANDARD = gnu11;
				GCC_DYNAMIC_NO_PIC = NO;
				GCC_NO_COMMON_BLOCKS = YES;
				GCC_OPTIMIZATION_LEVEL = 0;
				GCC_PREPROCESSOR_DEFINITIONS = (
					"DEBUG=1",
					"$(inherited)",
				);
				GCC_WARN_64_TO_32_BIT_CONVERSION = YES;
				GCC_WARN_ABOUT_RETURN_TYPE = YES_ERROR;
				GCC_WARN_UNDECLARED_SELECTOR = YES;
				GCC_WARN_UNINITIALIZED_AUTOS = YES_AGGRESSIVE;
				GCC_WARN_UNUSED_FUNCTION = YES;
				GCC_WARN_UNUSED_VARIABLE = YES;
				MTL_ENABLE_DEBUG_INFO = INCLUDE_SOURCE;
				MTL_FAST_MATH = YES;
				ONLY_ACTIVE_ARCH = YES;
				SWIFT_ACTIVE_COMPILATION_CONDITIONS = DEBUG;
				SWIFT_OPTIMIZATION_LEVEL = "-Onone";
			};
			name = Debug;
		};
		5A1DBA0A2BA3851C00C3BCAC /* Release */ = {
			isa = XCBuildConfiguration;
			buildSettings = {
				ALWAYS_SEARCH_USER_PATHS = NO;
				CLANG_ANALYZER_NONNULL = YES;
				CLANG_ANALYZER_NUMBER_OBJECT_CONVERSION = YES_AGGRESSIVE;
				CLANG_CXX_LANGUAGE_STANDARD = "gnu++20";
				CLANG_ENABLE_MODULES = YES;
				CLANG_ENABLE_OBJC_ARC = YES;
				CLANG_ENABLE_OBJC_WEAK = YES;
				CLANG_WARN_BLOCK_CAPTURE_AUTORELEASING = YES;
				CLANG_WARN_BOOL_CONVERSION = YES;
				CLANG_WARN_COMMA = YES;
				CLANG_WARN_CONSTANT_CONVERSION = YES;
				CLANG_WARN_DEPRECATED_OBJC_IMPLEMENTATIONS = YES;
				CLANG_WARN_DIRECT_OBJC_ISA_USAGE = YES_ERROR;
				CLANG_WARN_DOCUMENTATION_COMMENTS = YES;
				CLANG_WARN_EMPTY_BODY = YES;
				CLANG_WARN_ENUM_CONVERSION = YES;
				CLANG_WARN_INFINITE_RECURSION = YES;
				CLANG_WARN_INT_CONVERSION = YES;
				CLANG_WARN_NON_LITERAL_NULL_CONVERSION = YES;
				CLANG_WARN_OBJC_IMPLICIT_RETAIN_SELF = YES;
				CLANG_WARN_OBJC_LITERAL_CONVERSION = YES;
				CLANG_WARN_OBJC_ROOT_CLASS = YES_ERROR;
				CLANG_WARN_QUOTED_INCLUDE_IN_FRAMEWORK_HEADER = YES;
				CLANG_WARN_RANGE_LOOP_ANALYSIS = YES;
				CLANG_WARN_STRICT_PROTOTYPES = YES;
				CLANG_WARN_SUSPICIOUS_MOVE = YES;
				CLANG_WARN_UNGUARDED_AVAILABILITY = YES_AGGRESSIVE;
				CLANG_WARN_UNREACHABLE_CODE = YES;
				CLANG_WARN__DUPLICATE_METHOD_MATCH = YES;
				COPY_PHASE_STRIP = NO;
				DEBUG_INFORMATION_FORMAT = "dwarf-with-dsym";
				ENABLE_NS_ASSERTIONS = NO;
				ENABLE_STRICT_OBJC_MSGSEND = YES;
				GCC_C_LANGUAGE_STANDARD = gnu11;
				GCC_NO_COMMON_BLOCKS = YES;
				GCC_WARN_64_TO_32_BIT_CONVERSION = YES;
				GCC_WARN_ABOUT_RETURN_TYPE = YES_ERROR;
				GCC_WARN_UNDECLARED_SELECTOR = YES;
				GCC_WARN_UNINITIALIZED_AUTOS = YES_AGGRESSIVE;
				GCC_WARN_UNUSED_FUNCTION = YES;
				GCC_WARN_UNUSED_VARIABLE = YES;
				MTL_ENABLE_DEBUG_INFO = NO;
				MTL_FAST_MATH = YES;
				SWIFT_COMPILATION_MODE = wholemodule;
				SWIFT_OPTIMIZATION_LEVEL = "-O";
			};
			name = Release;
		};
		5A1DBA0C2BA3851C00C3BCAC /* Debug */ = {
			isa = XCBuildConfiguration;
			buildSettings = {
				ASSETCATALOG_COMPILER_APPICON_NAME = AppIcon;
				ASSETCATALOG_COMPILER_GLOBAL_ACCENT_COLOR_NAME = AccentColor;
				CODE_SIGN_ENTITLEMENTS = CombineTutorial/CombineTutorial.entitlements;
				CODE_SIGN_STYLE = Automatic;
				CURRENT_PROJECT_VERSION = 1;
				DEVELOPMENT_ASSET_PATHS = "\"CombineTutorial/Preview Content\"";
				ENABLE_PREVIEWS = YES;
				GENERATE_INFOPLIST_FILE = YES;
				"INFOPLIST_KEY_UIApplicationSceneManifest_Generation[sdk=iphoneos*]" = YES;
				"INFOPLIST_KEY_UIApplicationSceneManifest_Generation[sdk=iphonesimulator*]" = YES;
				"INFOPLIST_KEY_UIApplicationSupportsIndirectInputEvents[sdk=iphoneos*]" = YES;
				"INFOPLIST_KEY_UIApplicationSupportsIndirectInputEvents[sdk=iphonesimulator*]" = YES;
				"INFOPLIST_KEY_UILaunchScreen_Generation[sdk=iphoneos*]" = YES;
				"INFOPLIST_KEY_UILaunchScreen_Generation[sdk=iphonesimulator*]" = YES;
				"INFOPLIST_KEY_UIStatusBarStyle[sdk=iphoneos*]" = UIStatusBarStyleDefault;
				"INFOPLIST_KEY_UIStatusBarStyle[sdk=iphonesimulator*]" = UIStatusBarStyleDefault;
				INFOPLIST_KEY_UISupportedInterfaceOrientations_iPad = "UIInterfaceOrientationPortrait UIInterfaceOrientationPortraitUpsideDown UIInterfaceOrientationLandscapeLeft UIInterfaceOrientationLandscapeRight";
				INFOPLIST_KEY_UISupportedInterfaceOrientations_iPhone = "UIInterfaceOrientationPortrait UIInterfaceOrientationLandscapeLeft UIInterfaceOrientationLandscapeRight";
				IPHONEOS_DEPLOYMENT_TARGET = 16.0;
				LD_RUNPATH_SEARCH_PATHS = "@executable_path/Frameworks";
				"LD_RUNPATH_SEARCH_PATHS[sdk=macosx*]" = "@executable_path/../Frameworks";
				MACOSX_DEPLOYMENT_TARGET = 12.3;
				MARKETING_VERSION = 1.0;
				PRODUCT_BUNDLE_IDENTIFIER = com.globe.idha.CombineTutorial;
				PRODUCT_NAME = "$(TARGET_NAME)";
				SDKROOT = auto;
				SUPPORTED_PLATFORMS = "iphoneos iphonesimulator macosx";
				SWIFT_EMIT_LOC_STRINGS = YES;
				SWIFT_VERSION = 5.0;
				TARGETED_DEVICE_FAMILY = "1,2";
			};
			name = Debug;
		};
		5A1DBA0D2BA3851C00C3BCAC /* Release */ = {
			isa = XCBuildConfiguration;
			buildSettings = {
				ASSETCATALOG_COMPILER_APPICON_NAME = AppIcon;
				ASSETCATALOG_COMPILER_GLOBAL_ACCENT_COLOR_NAME = AccentColor;
				CODE_SIGN_ENTITLEMENTS = CombineTutorial/CombineTutorial.entitlements;
				CODE_SIGN_STYLE = Automatic;
				CURRENT_PROJECT_VERSION = 1;
				DEVELOPMENT_ASSET_PATHS = "\"CombineTutorial/Preview Content\"";
				ENABLE_PREVIEWS = YES;
				GENERATE_INFOPLIST_FILE = YES;
				"INFOPLIST_KEY_UIApplicationSceneManifest_Generation[sdk=iphoneos*]" = YES;
				"INFOPLIST_KEY_UIApplicationSceneManifest_Generation[sdk=iphonesimulator*]" = YES;
				"INFOPLIST_KEY_UIApplicationSupportsIndirectInputEvents[sdk=iphoneos*]" = YES;
				"INFOPLIST_KEY_UIApplicationSupportsIndirectInputEvents[sdk=iphonesimulator*]" = YES;
				"INFOPLIST_KEY_UILaunchScreen_Generation[sdk=iphoneos*]" = YES;
				"INFOPLIST_KEY_UILaunchScreen_Generation[sdk=iphonesimulator*]" = YES;
				"INFOPLIST_KEY_UIStatusBarStyle[sdk=iphoneos*]" = UIStatusBarStyleDefault;
				"INFOPLIST_KEY_UIStatusBarStyle[sdk=iphonesimulator*]" = UIStatusBarStyleDefault;
				INFOPLIST_KEY_UISupportedInterfaceOrientations_iPad = "UIInterfaceOrientationPortrait UIInterfaceOrientationPortraitUpsideDown UIInterfaceOrientationLandscapeLeft UIInterfaceOrientationLandscapeRight";
				INFOPLIST_KEY_UISupportedInterfaceOrientations_iPhone = "UIInterfaceOrientationPortrait UIInterfaceOrientationLandscapeLeft UIInterfaceOrientationLandscapeRight";
				IPHONEOS_DEPLOYMENT_TARGET = 16.0;
				LD_RUNPATH_SEARCH_PATHS = "@executable_path/Frameworks";
				"LD_RUNPATH_SEARCH_PATHS[sdk=macosx*]" = "@executable_path/../Frameworks";
				MACOSX_DEPLOYMENT_TARGET = 12.3;
				MARKETING_VERSION = 1.0;
				PRODUCT_BUNDLE_IDENTIFIER = com.globe.idha.CombineTutorial;
				PRODUCT_NAME = "$(TARGET_NAME)";
				SDKROOT = auto;
				SUPPORTED_PLATFORMS = "iphoneos iphonesimulator macosx";
				SWIFT_EMIT_LOC_STRINGS = YES;
				SWIFT_VERSION = 5.0;
				TARGETED_DEVICE_FAMILY = "1,2";
			};
			name = Release;
		};
		5A1DBA0F2BA3851C00C3BCAC /* Debug */ = {
			isa = XCBuildConfiguration;
			buildSettings = {
				ALWAYS_EMBED_SWIFT_STANDARD_LIBRARIES = YES;
				BUNDLE_LOADER = "$(TEST_HOST)";
				CODE_SIGN_STYLE = Automatic;
				CURRENT_PROJECT_VERSION = 1;
				GENERATE_INFOPLIST_FILE = YES;
				IPHONEOS_DEPLOYMENT_TARGET = 16.0;
				MACOSX_DEPLOYMENT_TARGET = 12.3;
				MARKETING_VERSION = 1.0;
				PRODUCT_BUNDLE_IDENTIFIER = com.globe.idha.CombineTutorialTests;
				PRODUCT_NAME = "$(TARGET_NAME)";
				SDKROOT = auto;
				SUPPORTED_PLATFORMS = "iphoneos iphonesimulator macosx";
				SWIFT_EMIT_LOC_STRINGS = NO;
				SWIFT_VERSION = 5.0;
				TARGETED_DEVICE_FAMILY = "1,2";
				TEST_HOST = "$(BUILT_PRODUCTS_DIR)/CombineTutorial.app/$(BUNDLE_EXECUTABLE_FOLDER_PATH)/CombineTutorial";
			};
			name = Debug;
		};
		5A1DBA102BA3851C00C3BCAC /* Release */ = {
			isa = XCBuildConfiguration;
			buildSettings = {
				ALWAYS_EMBED_SWIFT_STANDARD_LIBRARIES = YES;
				BUNDLE_LOADER = "$(TEST_HOST)";
				CODE_SIGN_STYLE = Automatic;
				CURRENT_PROJECT_VERSION = 1;
				GENERATE_INFOPLIST_FILE = YES;
				IPHONEOS_DEPLOYMENT_TARGET = 16.0;
				MACOSX_DEPLOYMENT_TARGET = 12.3;
				MARKETING_VERSION = 1.0;
				PRODUCT_BUNDLE_IDENTIFIER = com.globe.idha.CombineTutorialTests;
				PRODUCT_NAME = "$(TARGET_NAME)";
				SDKROOT = auto;
				SUPPORTED_PLATFORMS = "iphoneos iphonesimulator macosx";
				SWIFT_EMIT_LOC_STRINGS = NO;
				SWIFT_VERSION = 5.0;
				TARGETED_DEVICE_FAMILY = "1,2";
				TEST_HOST = "$(BUILT_PRODUCTS_DIR)/CombineTutorial.app/$(BUNDLE_EXECUTABLE_FOLDER_PATH)/CombineTutorial";
			};
			name = Release;
		};
		5A1DBA122BA3851C00C3BCAC /* Debug */ = {
			isa = XCBuildConfiguration;
			buildSettings = {
				ALWAYS_EMBED_SWIFT_STANDARD_LIBRARIES = YES;
				CODE_SIGN_STYLE = Automatic;
				CURRENT_PROJECT_VERSION = 1;
				GENERATE_INFOPLIST_FILE = YES;
				IPHONEOS_DEPLOYMENT_TARGET = 16.0;
				MACOSX_DEPLOYMENT_TARGET = 12.3;
				MARKETING_VERSION = 1.0;
				PRODUCT_BUNDLE_IDENTIFIER = com.globe.idha.CombineTutorialUITests;
				PRODUCT_NAME = "$(TARGET_NAME)";
				SDKROOT = auto;
				SUPPORTED_PLATFORMS = "iphoneos iphonesimulator macosx";
				SWIFT_EMIT_LOC_STRINGS = NO;
				SWIFT_VERSION = 5.0;
				TARGETED_DEVICE_FAMILY = "1,2";
				TEST_TARGET_NAME = CombineTutorial;
			};
			name = Debug;
		};
		5A1DBA132BA3851C00C3BCAC /* Release */ = {
			isa = XCBuildConfiguration;
			buildSettings = {
				ALWAYS_EMBED_SWIFT_STANDARD_LIBRARIES = YES;
				CODE_SIGN_STYLE = Automatic;
				CURRENT_PROJECT_VERSION = 1;
				GENERATE_INFOPLIST_FILE = YES;
				IPHONEOS_DEPLOYMENT_TARGET = 16.0;
				MACOSX_DEPLOYMENT_TARGET = 12.3;
				MARKETING_VERSION = 1.0;
				PRODUCT_BUNDLE_IDENTIFIER = com.globe.idha.CombineTutorialUITests;
				PRODUCT_NAME = "$(TARGET_NAME)";
				SDKROOT = auto;
				SUPPORTED_PLATFORMS = "iphoneos iphonesimulator macosx";
				SWIFT_EMIT_LOC_STRINGS = NO;
				SWIFT_VERSION = 5.0;
				TARGETED_DEVICE_FAMILY = "1,2";
				TEST_TARGET_NAME = CombineTutorial;
			};
			name = Release;
		};
/* End XCBuildConfiguration section */

/* Begin XCConfigurationList section */
		5A1DB9E12BA3851600C3BCAC /* Build configuration list for PBXProject "CombineTutorial" */ = {
			isa = XCConfigurationList;
			buildConfigurations = (
				5A1DBA092BA3851C00C3BCAC /* Debug */,
				5A1DBA0A2BA3851C00C3BCAC /* Release */,
			);
			defaultConfigurationIsVisible = 0;
			defaultConfigurationName = Release;
		};
		5A1DBA0B2BA3851C00C3BCAC /* Build configuration list for PBXNativeTarget "CombineTutorial" */ = {
			isa = XCConfigurationList;
			buildConfigurations = (
				5A1DBA0C2BA3851C00C3BCAC /* Debug */,
				5A1DBA0D2BA3851C00C3BCAC /* Release */,
			);
			defaultConfigurationIsVisible = 0;
			defaultConfigurationName = Release;
		};
		5A1DBA0E2BA3851C00C3BCAC /* Build configuration list for PBXNativeTarget "CombineTutorialTests" */ = {
			isa = XCConfigurationList;
			buildConfigurations = (
				5A1DBA0F2BA3851C00C3BCAC /* Debug */,
				5A1DBA102BA3851C00C3BCAC /* Release */,
			);
			defaultConfigurationIsVisible = 0;
			defaultConfigurationName = Release;
		};
		5A1DBA112BA3851C00C3BCAC /* Build configuration list for PBXNativeTarget "CombineTutorialUITests" */ = {
			isa = XCConfigurationList;
			buildConfigurations = (
				5A1DBA122BA3851C00C3BCAC /* Debug */,
				5A1DBA132BA3851C00C3BCAC /* Release */,
			);
			defaultConfigurationIsVisible = 0;
			defaultConfigurationName = Release;
		};
/* End XCConfigurationList section */
	};
	rootObject = 5A1DB9DE2BA3851600C3BCAC /* Project object */;
}
